// !$*UTF8*$!
{
	archiveVersion = 1;
	classes = {
	};
	objectVersion = 50;
	objects = {

/* Begin PBXBuildFile section */
		42BE180120D4A89300D73AA2 /* Template.swift in Sources */ = {isa = PBXBuildFile; fileRef = 42BE180020D4A89300D73AA2 /* Template.swift */; };
		42CBC38120D4A52800E5916A /* _01_Two_Sum.swift in Sources */ = {isa = PBXBuildFile; fileRef = 42CBC38020D4A52800E5916A /* _01_Two_Sum.swift */; };
		4313914117935A94D09B3441 /* ContainsDuplicateII.swift in Sources */ = {isa = PBXBuildFile; fileRef = 431397040F9B748385FA40C1 /* ContainsDuplicateII.swift */; };
		4313944DA9BD0A2AEF541D93 /* _561_Array_Partition_I.swift in Sources */ = {isa = PBXBuildFile; fileRef = 43139B1E4CF439518FB04E25 /* _561_Array_Partition_I.swift */; };
		4313962D88F253195191029A /* Interval.swift in Sources */ = {isa = PBXBuildFile; fileRef = 43139FF3BE0EAF4D7EDCE013 /* Interval.swift */; };
		431397C51002307FE56CE28B /* SortingAlgorithms.swift in Sources */ = {isa = PBXBuildFile; fileRef = 431396F8C6B7B9281550B99D /* SortingAlgorithms.swift */; };
		431399032B7DBD65C8D5E292 /* Basics.swift in Sources */ = {isa = PBXBuildFile; fileRef = 431390B1009B8A62FFBB1883 /* Basics.swift */; };
		431399488C10F05D60BBD5EC /* _057_Insert_Interval.swift in Sources */ = {isa = PBXBuildFile; fileRef = 4313955682F67E9AF5C9F678 /* _057_Insert_Interval.swift */; };
		431399DA1AC4CA1C591091E6 /* StrStr.swift in Sources */ = {isa = PBXBuildFile; fileRef = 43139D4A0FB81BFB96EDDF0B /* StrStr.swift */; };
		43139A4ED3860091E7051C16 /* _217_ContainsDuplicate.swift in Sources */ = {isa = PBXBuildFile; fileRef = 4313966CCE0F45D1A8BB0337 /* _217_ContainsDuplicate.swift */; };
		43139BE5DF10A46FA4D71FF7 /* FindPeakElement.swift in Sources */ = {isa = PBXBuildFile; fileRef = 431395E75C6662C4C2C9573C /* FindPeakElement.swift */; };
		43139CF75800D591B9C5E889 /* _056_Merge Intervals.swift in Sources */ = {isa = PBXBuildFile; fileRef = 4313998EEA2B40F0D90E3886 /* _056_Merge Intervals.swift */; };
/* End PBXBuildFile section */

/* Begin PBXFileReference section */
		42BE180020D4A89300D73AA2 /* Template.swift */ = {isa = PBXFileReference; lastKnownFileType = sourcecode.swift; path = Template.swift; sourceTree = "<group>"; };
		42CBC37D20D4A52800E5916A /* AlgorithmsUnitTests.xctest */ = {isa = PBXFileReference; explicitFileType = wrapper.cfbundle; includeInIndex = 0; path = AlgorithmsUnitTests.xctest; sourceTree = BUILT_PRODUCTS_DIR; };
		42CBC38020D4A52800E5916A /* _01_Two_Sum.swift */ = {isa = PBXFileReference; lastKnownFileType = sourcecode.swift; path = _01_Two_Sum.swift; sourceTree = "<group>"; };
		42CBC38220D4A52800E5916A /* Info.plist */ = {isa = PBXFileReference; lastKnownFileType = text.plist.xml; path = Info.plist; sourceTree = "<group>"; };
		431390B1009B8A62FFBB1883 /* Basics.swift */ = {isa = PBXFileReference; fileEncoding = 4; lastKnownFileType = sourcecode.swift; path = Basics.swift; sourceTree = "<group>"; };
		4313955682F67E9AF5C9F678 /* _057_Insert_Interval.swift */ = {isa = PBXFileReference; fileEncoding = 4; lastKnownFileType = sourcecode.swift; path = _057_Insert_Interval.swift; sourceTree = "<group>"; };
		431395E75C6662C4C2C9573C /* FindPeakElement.swift */ = {isa = PBXFileReference; fileEncoding = 4; lastKnownFileType = sourcecode.swift; path = FindPeakElement.swift; sourceTree = "<group>"; };
		4313966CCE0F45D1A8BB0337 /* _217_ContainsDuplicate.swift */ = {isa = PBXFileReference; fileEncoding = 4; lastKnownFileType = sourcecode.swift; path = _217_ContainsDuplicate.swift; sourceTree = "<group>"; };
		431396F8C6B7B9281550B99D /* SortingAlgorithms.swift */ = {isa = PBXFileReference; fileEncoding = 4; lastKnownFileType = sourcecode.swift; path = SortingAlgorithms.swift; sourceTree = "<group>"; };
		431397040F9B748385FA40C1 /* ContainsDuplicateII.swift */ = {isa = PBXFileReference; fileEncoding = 4; lastKnownFileType = sourcecode.swift; path = ContainsDuplicateII.swift; sourceTree = "<group>"; };
		4313998EEA2B40F0D90E3886 /* _056_Merge Intervals.swift */ = {isa = PBXFileReference; fileEncoding = 4; lastKnownFileType = sourcecode.swift; path = "_056_Merge Intervals.swift"; sourceTree = "<group>"; };
		43139B1E4CF439518FB04E25 /* _561_Array_Partition_I.swift */ = {isa = PBXFileReference; fileEncoding = 4; lastKnownFileType = sourcecode.swift; path = _561_Array_Partition_I.swift; sourceTree = "<group>"; };
		43139D4A0FB81BFB96EDDF0B /* StrStr.swift */ = {isa = PBXFileReference; fileEncoding = 4; lastKnownFileType = sourcecode.swift; path = StrStr.swift; sourceTree = "<group>"; };
		43139FF3BE0EAF4D7EDCE013 /* Interval.swift */ = {isa = PBXFileReference; fileEncoding = 4; lastKnownFileType = sourcecode.swift; path = Interval.swift; sourceTree = "<group>"; };
/* End PBXFileReference section */

/* Begin PBXFrameworksBuildPhase section */
		42CBC37A20D4A52800E5916A /* Frameworks */ = {
			isa = PBXFrameworksBuildPhase;
			buildActionMask = 2147483647;
			files = (
			);
			runOnlyForDeploymentPostprocessing = 0;
		};
/* End PBXFrameworksBuildPhase section */

/* Begin PBXGroup section */
		42CBC37220D4A4E900E5916A = {
			isa = PBXGroup;
			children = (
				42CBC37F20D4A52800E5916A /* AlgorithmsUnitTests */,
				42CBC37E20D4A52800E5916A /* Products */,
				43139B5317D207AAC76B994D /* jiuzhang */,
				43139B5F7E756D06444A35EA /* leetcode */,
				4313900F95B80AE25ACA5A5F /* basics */,
			);
			sourceTree = "<group>";
		};
		42CBC37E20D4A52800E5916A /* Products */ = {
			isa = PBXGroup;
			children = (
				42CBC37D20D4A52800E5916A /* AlgorithmsUnitTests.xctest */,
			);
			name = Products;
			sourceTree = "<group>";
		};
		42CBC37F20D4A52800E5916A /* AlgorithmsUnitTests */ = {
			isa = PBXGroup;
			children = (
				42CBC38020D4A52800E5916A /* _01_Two_Sum.swift */,
				42CBC38220D4A52800E5916A /* Info.plist */,
				42BE180020D4A89300D73AA2 /* Template.swift */,
				431390B1009B8A62FFBB1883 /* Basics.swift */,
			);
			path = AlgorithmsUnitTests;
			sourceTree = "<group>";
		};
		4313900F95B80AE25ACA5A5F /* basics */ = {
			isa = PBXGroup;
			children = (
				431396F8C6B7B9281550B99D /* SortingAlgorithms.swift */,
			);
			path = basics;
			sourceTree = "<group>";
		};
		431390D18901D36AE225E659 /* array */ = {
			isa = PBXGroup;
			children = (
				4313966CCE0F45D1A8BB0337 /* _217_ContainsDuplicate.swift */,
				431397040F9B748385FA40C1 /* ContainsDuplicateII.swift */,
			);
			path = array;
			sourceTree = "<group>";
		};
		43139205E728CB2A617A25EB /* search */ = {
			isa = PBXGroup;
			children = (
			);
			path = search;
			sourceTree = "<group>";
		};
		431394934158A935258FB44A /* sort */ = {
			isa = PBXGroup;
			children = (
				43139B1E4CF439518FB04E25 /* _561_Array_Partition_I.swift */,
				4313955682F67E9AF5C9F678 /* _057_Insert_Interval.swift */,
				43139FF3BE0EAF4D7EDCE013 /* Interval.swift */,
				4313998EEA2B40F0D90E3886 /* _056_Merge Intervals.swift */,
			);
			path = sort;
			sourceTree = "<group>";
		};
		43139B5317D207AAC76B994D /* jiuzhang */ = {
			isa = PBXGroup;
			children = (
				43139D7D0FF2CE7C63859E9E /* chapter01_string_array */,
				43139E82B8C51AEC9D692B53 /* chapter02_binary_search */,
			);
			path = jiuzhang;
			sourceTree = "<group>";
		};
		43139B5F7E756D06444A35EA /* leetcode */ = {
			isa = PBXGroup;
			children = (
				431390D18901D36AE225E659 /* array */,
				43139205E728CB2A617A25EB /* search */,
				431394934158A935258FB44A /* sort */,
			);
			path = leetcode;
			sourceTree = "<group>";
		};
		43139D7D0FF2CE7C63859E9E /* chapter01_string_array */ = {
			isa = PBXGroup;
			children = (
				43139D4A0FB81BFB96EDDF0B /* StrStr.swift */,
			);
			path = chapter01_string_array;
			sourceTree = "<group>";
		};
		43139E82B8C51AEC9D692B53 /* chapter02_binary_search */ = {
			isa = PBXGroup;
			children = (
				431395E75C6662C4C2C9573C /* FindPeakElement.swift */,
			);
			path = chapter02_binary_search;
			sourceTree = "<group>";
		};
/* End PBXGroup section */

/* Begin PBXNativeTarget section */
		42CBC37C20D4A52800E5916A /* AlgorithmsUnitTests */ = {
			isa = PBXNativeTarget;
			buildConfigurationList = 42CBC38320D4A52800E5916A /* Build configuration list for PBXNativeTarget "AlgorithmsUnitTests" */;
			buildPhases = (
				42CBC37920D4A52800E5916A /* Sources */,
				42CBC37A20D4A52800E5916A /* Frameworks */,
				42CBC37B20D4A52800E5916A /* Resources */,
			);
			buildRules = (
			);
			dependencies = (
			);
			name = AlgorithmsUnitTests;
			productName = AlgorithmsUnitTests;
			productReference = 42CBC37D20D4A52800E5916A /* AlgorithmsUnitTests.xctest */;
			productType = "com.apple.product-type.bundle.unit-test";
		};
/* End PBXNativeTarget section */

/* Begin PBXProject section */
		42CBC37320D4A4E900E5916A /* Project object */ = {
			isa = PBXProject;
			attributes = {
				LastSwiftUpdateCheck = 0930;
				LastUpgradeCheck = 0940;
				TargetAttributes = {
					42CBC37C20D4A52800E5916A = {
						CreatedOnToolsVersion = 9.3;
					};
				};
			};
			buildConfigurationList = 42CBC37620D4A4E900E5916A /* Build configuration list for PBXProject "SwiftAlgorithms" */;
			compatibilityVersion = "Xcode 9.3";
			developmentRegion = en;
			hasScannedForEncodings = 0;
			knownRegions = (
				en,
			);
			mainGroup = 42CBC37220D4A4E900E5916A;
			productRefGroup = 42CBC37E20D4A52800E5916A /* Products */;
			projectDirPath = "";
			projectRoot = "";
			targets = (
				42CBC37C20D4A52800E5916A /* AlgorithmsUnitTests */,
			);
		};
/* End PBXProject section */

/* Begin PBXResourcesBuildPhase section */
		42CBC37B20D4A52800E5916A /* Resources */ = {
			isa = PBXResourcesBuildPhase;
			buildActionMask = 2147483647;
			files = (
			);
			runOnlyForDeploymentPostprocessing = 0;
		};
/* End PBXResourcesBuildPhase section */

/* Begin PBXSourcesBuildPhase section */
		42CBC37920D4A52800E5916A /* Sources */ = {
			isa = PBXSourcesBuildPhase;
			buildActionMask = 2147483647;
			files = (
				42CBC38120D4A52800E5916A /* _01_Two_Sum.swift in Sources */,
				42BE180120D4A89300D73AA2 /* Template.swift in Sources */,
				431399032B7DBD65C8D5E292 /* Basics.swift in Sources */,
				431399DA1AC4CA1C591091E6 /* StrStr.swift in Sources */,
				43139BE5DF10A46FA4D71FF7 /* FindPeakElement.swift in Sources */,
				43139A4ED3860091E7051C16 /* _217_ContainsDuplicate.swift in Sources */,
				4313914117935A94D09B3441 /* ContainsDuplicateII.swift in Sources */,
				431397C51002307FE56CE28B /* SortingAlgorithms.swift in Sources */,
				4313944DA9BD0A2AEF541D93 /* _561_Array_Partition_I.swift in Sources */,
				431399488C10F05D60BBD5EC /* _057_Insert_Interval.swift in Sources */,
				4313962D88F253195191029A /* Interval.swift in Sources */,
				43139CF75800D591B9C5E889 /* _056_Merge Intervals.swift in Sources */,
			);
			runOnlyForDeploymentPostprocessing = 0;
		};
/* End PBXSourcesBuildPhase section */

/* Begin XCBuildConfiguration section */
		42CBC37720D4A4E900E5916A /* Debug */ = {
			isa = XCBuildConfiguration;
			buildSettings = {
				CLANG_WARN_BLOCK_CAPTURE_AUTORELEASING = YES;
				CLANG_WARN_BOOL_CONVERSION = YES;
				CLANG_WARN_COMMA = YES;
				CLANG_WARN_CONSTANT_CONVERSION = YES;
				CLANG_WARN_DEPRECATED_OBJC_IMPLEMENTATIONS = YES;
				CLANG_WARN_EMPTY_BODY = YES;
				CLANG_WARN_ENUM_CONVERSION = YES;
				CLANG_WARN_INFINITE_RECURSION = YES;
				CLANG_WARN_INT_CONVERSION = YES;
				CLANG_WARN_NON_LITERAL_NULL_CONVERSION = YES;
				CLANG_WARN_OBJC_IMPLICIT_RETAIN_SELF = YES;
				CLANG_WARN_OBJC_LITERAL_CONVERSION = YES;
				CLANG_WARN_RANGE_LOOP_ANALYSIS = YES;
				CLANG_WARN_STRICT_PROTOTYPES = YES;
				CLANG_WARN_SUSPICIOUS_MOVE = YES;
				CLANG_WARN_UNREACHABLE_CODE = YES;
				CLANG_WARN__DUPLICATE_METHOD_MATCH = YES;
				ENABLE_STRICT_OBJC_MSGSEND = YES;
				ENABLE_TESTABILITY = YES;
				GCC_NO_COMMON_BLOCKS = YES;
				GCC_WARN_64_TO_32_BIT_CONVERSION = YES;
				GCC_WARN_ABOUT_RETURN_TYPE = YES;
				GCC_WARN_UNDECLARED_SELECTOR = YES;
				GCC_WARN_UNINITIALIZED_AUTOS = YES;
				GCC_WARN_UNUSED_FUNCTION = YES;
				GCC_WARN_UNUSED_VARIABLE = YES;
				ONLY_ACTIVE_ARCH = YES;
			};
			name = Debug;
		};
		42CBC37820D4A4E900E5916A /* Release */ = {
			isa = XCBuildConfiguration;
			buildSettings = {
				CLANG_WARN_BLOCK_CAPTURE_AUTORELEASING = YES;
				CLANG_WARN_BOOL_CONVERSION = YES;
				CLANG_WARN_COMMA = YES;
				CLANG_WARN_CONSTANT_CONVERSION = YES;
				CLANG_WARN_DEPRECATED_OBJC_IMPLEMENTATIONS = YES;
				CLANG_WARN_EMPTY_BODY = YES;
				CLANG_WARN_ENUM_CONVERSION = YES;
				CLANG_WARN_INFINITE_RECURSION = YES;
				CLANG_WARN_INT_CONVERSION = YES;
				CLANG_WARN_NON_LITERAL_NULL_CONVERSION = YES;
				CLANG_WARN_OBJC_IMPLICIT_RETAIN_SELF = YES;
				CLANG_WARN_OBJC_LITERAL_CONVERSION = YES;
				CLANG_WARN_RANGE_LOOP_ANALYSIS = YES;
				CLANG_WARN_STRICT_PROTOTYPES = YES;
				CLANG_WARN_SUSPICIOUS_MOVE = YES;
				CLANG_WARN_UNREACHABLE_CODE = YES;
				CLANG_WARN__DUPLICATE_METHOD_MATCH = YES;
				ENABLE_STRICT_OBJC_MSGSEND = YES;
				GCC_NO_COMMON_BLOCKS = YES;
				GCC_WARN_64_TO_32_BIT_CONVERSION = YES;
				GCC_WARN_ABOUT_RETURN_TYPE = YES;
				GCC_WARN_UNDECLARED_SELECTOR = YES;
				GCC_WARN_UNINITIALIZED_AUTOS = YES;
				GCC_WARN_UNUSED_FUNCTION = YES;
				GCC_WARN_UNUSED_VARIABLE = YES;
			};
			name = Release;
		};
		42CBC38420D4A52800E5916A /* Debug */ = {
			isa = XCBuildConfiguration;
			buildSettings = {
				ALWAYS_SEARCH_USER_PATHS = NO;
				CLANG_ANALYZER_NONNULL = YES;
				CLANG_ANALYZER_NUMBER_OBJECT_CONVERSION = YES_AGGRESSIVE;
				CLANG_CXX_LANGUAGE_STANDARD = "gnu++14";
				CLANG_CXX_LIBRARY = "libc++";
				CLANG_ENABLE_MODULES = YES;
				CLANG_ENABLE_OBJC_ARC = YES;
				CLANG_ENABLE_OBJC_WEAK = YES;
				CLANG_WARN_BLOCK_CAPTURE_AUTORELEASING = YES;
				CLANG_WARN_BOOL_CONVERSION = YES;
				CLANG_WARN_COMMA = YES;
				CLANG_WARN_CONSTANT_CONVERSION = YES;
				CLANG_WARN_DEPRECATED_OBJC_IMPLEMENTATIONS = YES;
				CLANG_WARN_DIRECT_OBJC_ISA_USAGE = YES_ERROR;
				CLANG_WARN_DOCUMENTATION_COMMENTS = YES;
				CLANG_WARN_EMPTY_BODY = YES;
				CLANG_WARN_ENUM_CONVERSION = YES;
				CLANG_WARN_INFINITE_RECURSION = YES;
				CLANG_WARN_INT_CONVERSION = YES;
				CLANG_WARN_NON_LITERAL_NULL_CONVERSION = YES;
				CLANG_WARN_OBJC_IMPLICIT_RETAIN_SELF = YES;
				CLANG_WARN_OBJC_LITERAL_CONVERSION = YES;
				CLANG_WARN_OBJC_ROOT_CLASS = YES_ERROR;
				CLANG_WARN_RANGE_LOOP_ANALYSIS = YES;
				CLANG_WARN_STRICT_PROTOTYPES = YES;
				CLANG_WARN_SUSPICIOUS_MOVE = YES;
				CLANG_WARN_UNGUARDED_AVAILABILITY = YES_AGGRESSIVE;
				CLANG_WARN_UNREACHABLE_CODE = YES;
				CLANG_WARN__DUPLICATE_METHOD_MATCH = YES;
				CODE_SIGN_IDENTITY = "iPhone Developer";
				CODE_SIGN_STYLE = Automatic;
				COPY_PHASE_STRIP = NO;
				DEBUG_INFORMATION_FORMAT = dwarf;
				DEVELOPMENT_TEAM = "";
				ENABLE_STRICT_OBJC_MSGSEND = YES;
				ENABLE_TESTABILITY = YES;
				GCC_C_LANGUAGE_STANDARD = gnu11;
				GCC_DYNAMIC_NO_PIC = NO;
				GCC_NO_COMMON_BLOCKS = YES;
				GCC_OPTIMIZATION_LEVEL = 0;
				GCC_PREPROCESSOR_DEFINITIONS = (
					"DEBUG=1",
					"$(inherited)",
				);
				GCC_WARN_64_TO_32_BIT_CONVERSION = YES;
				GCC_WARN_ABOUT_RETURN_TYPE = YES_ERROR;
				GCC_WARN_UNDECLARED_SELECTOR = YES;
				GCC_WARN_UNINITIALIZED_AUTOS = YES_AGGRESSIVE;
				GCC_WARN_UNUSED_FUNCTION = YES;
				GCC_WARN_UNUSED_VARIABLE = YES;
				INFOPLIST_FILE = AlgorithmsUnitTests/Info.plist;
				IPHONEOS_DEPLOYMENT_TARGET = 11.3;
				LD_RUNPATH_SEARCH_PATHS = (
					"$(inherited)",
					"@executable_path/Frameworks",
					"@loader_path/Frameworks",
				);
				MTL_ENABLE_DEBUG_INFO = YES;
				ONLY_ACTIVE_ARCH = YES;
				PRODUCT_BUNDLE_IDENTIFIER = com.ericliu.AlgorithmsUnitTests;
				PRODUCT_NAME = "$(TARGET_NAME)";
				SDKROOT = iphoneos;
				SWIFT_ACTIVE_COMPILATION_CONDITIONS = DEBUG;
				SWIFT_OPTIMIZATION_LEVEL = "-Onone";
				SWIFT_VERSION = 4.0;
				TARGETED_DEVICE_FAMILY = "1,2";
			};
			name = Debug;
		};
		42CBC38520D4A52800E5916A /* Release */ = {
			isa = XCBuildConfiguration;
			buildSettings = {
				ALWAYS_SEARCH_USER_PATHS = NO;
				CLANG_ANALYZER_NONNULL = YES;
				CLANG_ANALYZER_NUMBER_OBJECT_CONVERSION = YES_AGGRESSIVE;
				CLANG_CXX_LANGUAGE_STANDARD = "gnu++14";
				CLANG_CXX_LIBRARY = "libc++";
				CLANG_ENABLE_MODULES = YES;
				CLANG_ENABLE_OBJC_ARC = YES;
				CLANG_ENABLE_OBJC_WEAK = YES;
				CLANG_WARN_BLOCK_CAPTURE_AUTORELEASING = YES;
				CLANG_WARN_BOOL_CONVERSION = YES;
				CLANG_WARN_COMMA = YES;
				CLANG_WARN_CONSTANT_CONVERSION = YES;
				CLANG_WARN_DEPRECATED_OBJC_IMPLEMENTATIONS = YES;
				CLANG_WARN_DIRECT_OBJC_ISA_USAGE = YES_ERROR;
				CLANG_WARN_DOCUMENTATION_COMMENTS = YES;
				CLANG_WARN_EMPTY_BODY = YES;
				CLANG_WARN_ENUM_CONVERSION = YES;
				CLANG_WARN_INFINITE_RECURSION = YES;
				CLANG_WARN_INT_CONVERSION = YES;
				CLANG_WARN_NON_LITERAL_NULL_CONVERSION = YES;
				CLANG_WARN_OBJC_IMPLICIT_RETAIN_SELF = YES;
				CLANG_WARN_OBJC_LITERAL_CONVERSION = YES;
				CLANG_WARN_OBJC_ROOT_CLASS = YES_ERROR;
				CLANG_WARN_RANGE_LOOP_ANALYSIS = YES;
				CLANG_WARN_STRICT_PROTOTYPES = YES;
				CLANG_WARN_SUSPICIOUS_MOVE = YES;
				CLANG_WARN_UNGUARDED_AVAILABILITY = YES_AGGRESSIVE;
				CLANG_WARN_UNREACHABLE_CODE = YES;
				CLANG_WARN__DUPLICATE_METHOD_MATCH = YES;
				CODE_SIGN_IDENTITY = "iPhone Developer";
				CODE_SIGN_STYLE = Automatic;
				COPY_PHASE_STRIP = NO;
				DEBUG_INFORMATION_FORMAT = "dwarf-with-dsym";
				DEVELOPMENT_TEAM = "";
				ENABLE_NS_ASSERTIONS = NO;
				ENABLE_STRICT_OBJC_MSGSEND = YES;
				GCC_C_LANGUAGE_STANDARD = gnu11;
				GCC_NO_COMMON_BLOCKS = YES;
				GCC_WARN_64_TO_32_BIT_CONVERSION = YES;
				GCC_WARN_ABOUT_RETURN_TYPE = YES_ERROR;
				GCC_WARN_UNDECLARED_SELECTOR = YES;
				GCC_WARN_UNINITIALIZED_AUTOS = YES_AGGRESSIVE;
				GCC_WARN_UNUSED_FUNCTION = YES;
				GCC_WARN_UNUSED_VARIABLE = YES;
				INFOPLIST_FILE = AlgorithmsUnitTests/Info.plist;
				IPHONEOS_DEPLOYMENT_TARGET = 11.3;
				LD_RUNPATH_SEARCH_PATHS = (
					"$(inherited)",
					"@executable_path/Frameworks",
					"@loader_path/Frameworks",
				);
				MTL_ENABLE_DEBUG_INFO = NO;
				PRODUCT_BUNDLE_IDENTIFIER = com.ericliu.AlgorithmsUnitTests;
				PRODUCT_NAME = "$(TARGET_NAME)";
				SDKROOT = iphoneos;
				SWIFT_COMPILATION_MODE = wholemodule;
				SWIFT_OPTIMIZATION_LEVEL = "-O";
				SWIFT_VERSION = 4.0;
				TARGETED_DEVICE_FAMILY = "1,2";
				VALIDATE_PRODUCT = YES;
			};
			name = Release;
		};
/* End XCBuildConfiguration section */

/* Begin XCConfigurationList section */
		42CBC37620D4A4E900E5916A /* Build configuration list for PBXProject "SwiftAlgorithms" */ = {
			isa = XCConfigurationList;
			buildConfigurations = (
				42CBC37720D4A4E900E5916A /* Debug */,
				42CBC37820D4A4E900E5916A /* Release */,
			);
			defaultConfigurationIsVisible = 0;
			defaultConfigurationName = Release;
		};
		42CBC38320D4A52800E5916A /* Build configuration list for PBXNativeTarget "AlgorithmsUnitTests" */ = {
			isa = XCConfigurationList;
			buildConfigurations = (
				42CBC38420D4A52800E5916A /* Debug */,
				42CBC38520D4A52800E5916A /* Release */,
			);
			defaultConfigurationIsVisible = 0;
			defaultConfigurationName = Release;
		};
/* End XCConfigurationList section */
	};
	rootObject = 42CBC37320D4A4E900E5916A /* Project object */;
}
